
Microsoft Visual Studio Solution File, Format Version 12.00
# Visual Studio Version 17
VisualStudioVersion = 17.4.33213.308
MinimumVisualStudioVersion = 10.0.40219.1
Project("{FAE04EC0-301F-11D3-BF4B-00C04F79EFBC}") = "ProjEscola", "ProjEscola\ProjEscola.csproj", "{355CB128-9FF5-4CA1-B956-CE0FD660EC3A}"
EndProject
Global
	GlobalSection(SolutionConfigurationPlatforms) = preSolution
		Debug|Any CPU = Debug|Any CPU
		Release|Any CPU = Release|Any CPU
	EndGlobalSection
	GlobalSection(ProjectConfigurationPlatforms) = postSolution
		{355CB128-9FF5-4CA1-B956-CE0FD660EC3A}.Debug|Any CPU.ActiveCfg = Debug|Any CPU
		{355CB128-9FF5-4CA1-B956-CE0FD660EC3A}.Debug|Any CPU.Build.0 = Debug|Any CPU
		{355CB128-9FF5-4CA1-B956-CE0FD660EC3A}.Release|Any CPU.ActiveCfg = Release|Any CPU
		{355CB128-9FF5-4CA1-B956-CE0FD660EC3A}.Release|Any CPU.Build.0 = Release|Any CPU
	EndGlobalSection
	GlobalSection(SolutionProperties) = preSolution
		HideSolutionNode = FALSE
	EndGlobalSection
	GlobalSection(ExtensibilityGlobals) = postSolution
		SolutionGuid = {7AE3548B-DF9B-4D2E-9FEB-9D786E925F84}
	EndGlobalSection
EndGlobal
